
Microsoft Visual Studio Solution File, Format Version 12.00
# Visual Studio Version 17
VisualStudioVersion = 17.4.33205.214
MinimumVisualStudioVersion = 10.0.40219.1
Project("{FAE04EC0-301F-11D3-BF4B-00C04F79EFBC}") = "FEParallelAccssesProject", "FEParallelAccssesProject\FEParallelAccssesProject.csproj", "{33B51D96-AA6B-462A-8127-53CD3C4F5D3B}"
EndProject
Global
	GlobalSection(SolutionConfigurationPlatforms) = preSolution
		Debug|Any CPU = Debug|Any CPU
		Release|Any CPU = Release|Any CPU
	EndGlobalSection
	GlobalSection(ProjectConfigurationPlatforms) = postSolution
		{33B51D96-AA6B-462A-8127-53CD3C4F5D3B}.Debug|Any CPU.ActiveCfg = Debug|Any CPU
		{33B51D96-AA6B-462A-8127-53CD3C4F5D3B}.Debug|Any CPU.Build.0 = Debug|Any CPU
		{33B51D96-AA6B-462A-8127-53CD3C4F5D3B}.Release|Any CPU.ActiveCfg = Release|Any CPU
		{33B51D96-AA6B-462A-8127-53CD3C4F5D3B}.Release|Any CPU.Build.0 = Release|Any CPU
	EndGlobalSection
	GlobalSection(SolutionProperties) = preSolution
		HideSolutionNode = FALSE
	EndGlobalSection
	GlobalSection(ExtensibilityGlobals) = postSolution
		SolutionGuid = {21654364-61D2-412F-AF69-8E8B18716DCA}
	EndGlobalSection
EndGlobal
